{
  "name": "sites",
  "version": "1.0.0",
  "lockfileVersion": 1,
  "requires": true,
  "dependencies": {
    "@types/bootstrap": {
      "version": "4.5.1",
      "resolved": "https://registry.npmjs.org/@types/bootstrap/-/bootstrap-4.5.1.tgz",
      "integrity": "sha512-5iAWnZnqHucloYQFlozKUTPw0+fLfKo8d4flGCiE1B1w91z/91UIqMDht/31RQJIwx0+u5SL4CJCbs79Z15M+A==",
      "dev": true,
      "requires": {
        "@types/jquery": "*",
        "popper.js": "^1.14.1"
      }
    },
    "@types/bootstrap-colorpicker": {
      "version": "2.5.3",
      "resolved": "https://registry.npmjs.org/@types/bootstrap-colorpicker/-/bootstrap-colorpicker-2.5.3.tgz",
      "integrity": "sha512-NMfrw/jZz5pQYHUCDM9ehDzw4+K4mgeEQBCAhYJbaCmEqmr0DyFnOyY+p/ZnQSiyTOZEjSm3hUakSM+QWATQWQ==",
      "dev": true,
      "requires": {
        "@types/jquery": "*"
      }
    },
    "@types/bootstrap-datepicker": {
      "version": "0.0.14",
      "resolved": "https://registry.npmjs.org/@types/bootstrap-datepicker/-/bootstrap-datepicker-0.0.14.tgz",
      "integrity": "sha512-ZBwEUuwYpehEHWtkaIDl55N3F6dPz6xEsoPW5esCZdtuhuZdNC/ebFV2n48kATcY5S2HD3V0O5/J8nuEgVk9fQ==",
      "dev": true,
      "requires": {
        "@types/jquery": "*"
      }
    },
    "@types/flot": {
      "version": "0.0.31",
      "resolved": "https://registry.npmjs.org/@types/flot/-/flot-0.0.31.tgz",
      "integrity": "sha512-X+RcMQCqPlQo8zPT6cUFTd/PoYBShMQlHUeOXf05jWlfYnvLuRmluB9z+2EsOKFgUzqzZve5brx+gnFxBaHEUw==",
      "dev": true,
      "requires": {
        "@types/jquery": "*"
      }
    },
    "@types/icheck": {
      "version": "0.8.30",
      "resolved": "https://registry.npmjs.org/@types/icheck/-/icheck-0.8.30.tgz",
      "integrity": "sha512-JR3rpIE2eul7/wcEXpr+jGmIwA8jyQNcH4jhy9B7S7oi4IouV5maeoqnKRuZ+grfhdm9J8qdZRJJYaIUoB862g==",
      "dev": true
    },
    "@types/jasmine": {
      "version": "2.8.17",
      "resolved": "https://registry.npmjs.org/@types/jasmine/-/jasmine-2.8.17.tgz",
      "integrity": "sha512-lXmY2lBjE38ASvP7ah38yZwXCdc7DTCKhHqx4J3WGNiVzp134U0BD9VKdL5x9q9AAfhnpJeQr4owL6ZOXhOpfA==",
      "dev": true
    },
    "@types/jasmine-matchers": {
      "version": "0.2.32",
      "resolved": "https://registry.npmjs.org/@types/jasmine-matchers/-/jasmine-matchers-0.2.32.tgz",
      "integrity": "sha512-ZA8rih01+nKh0q3fD3QPehEEta07ZCaiIrGthARhL8nRSK2PgZQXJEgS2sxGcXceUAr7gGI+Ndg7pBNB21auLQ==",
      "dev": true,
      "requires": {
        "@types/jasmine": "*"
      }
    },
    "@types/jquery": {
      "version": "3.5.3",
      "resolved": "https://registry.npmjs.org/@types/jquery/-/jquery-3.5.3.tgz",
      "integrity": "sha512-IENpHTjGksr2wQS6ZO8eMIE0tIB22Ywg+n3/yAWCa56VSZ26phcwAbFdh9+VNUWk7e83qB27QLax3Rf4G92Y9A==",
      "dev": true,
      "requires": {
        "@types/sizzle": "*"
      }
    },
    "@types/jquery-slimscroll": {
      "version": "1.3.0",
      "resolved": "https://registry.npmjs.org/@types/jquery-slimscroll/-/jquery-slimscroll-1.3.0.tgz",
      "integrity": "sha512-FDZ9uioL9FmsoCUwdxmNc+4z+tEx28iZGnFQArxzdXTYUkvmaA1C28y1mRh3BXjM9TFIy5K1sy4vhtfSSooiwQ==",
      "dev": true,
      "requires": {
        "@types/jquery": "*"
      }
    },
    "@types/nouislider": {
      "version": "9.0.7",
      "resolved": "https://registry.npmjs.org/@types/nouislider/-/nouislider-9.0.7.tgz",
      "integrity": "sha512-hNryK7PVzu9FDmmpoWhvWOgDKg201Ykng7NpbQRNx6o6cNojcpoEKjuNAN7t9J4TtzmGlszUDmfs26kw13WGlg==",
      "dev": true,
      "requires": {
        "@types/wnumb": "*"
      }
    },
    "@types/pako": {
      "version": "1.0.1",
      "resolved": "https://registry.npmjs.org/@types/pako/-/pako-1.0.1.tgz",
      "integrity": "sha512-GdZbRSJ3Cv5fiwT6I0SQ3ckeN2PWNqxd26W9Z2fCK1tGrrasGy4puvNFtnddqH9UJFMQYXxEuuB7B8UK+LLwSg==",
      "dev": true
    },
    "@types/requirejs": {
      "version": "2.1.32",
      "resolved": "https://registry.npmjs.org/@types/requirejs/-/requirejs-2.1.32.tgz",
      "integrity": "sha512-TM8LeNLJkEKDcx2414tsU+aKX+Pcfx8siRgZJWsb16KT77TT2FxINO48dLLkx8a5fEuJYb+rcfgPcvq6vt96NQ==",
      "dev": true
    },
    "@types/sizzle": {
      "version": "2.3.2",
      "resolved": "https://registry.npmjs.org/@types/sizzle/-/sizzle-2.3.2.tgz",
      "integrity": "sha512-7EJYyKTL7tFR8+gDbB6Wwz/arpGa0Mywk1TJbNzKzHtzbwVmY4HR9WqS5VV7dsBUKQmPNr192jHr/VpBluj/hg==",
      "dev": true
    },
    "@types/toastr": {
      "version": "2.1.38",
      "resolved": "https://registry.npmjs.org/@types/toastr/-/toastr-2.1.38.tgz",
      "integrity": "sha512-zKF+vbPVkkwBaMy0lm5NdI117mOoxWOQf2eXOuP/upQ5lHDSfNK/bVoo/x8/IN1hLzO81g+JvTpZQhqr0gKyYg==",
      "dev": true,
      "requires": {
        "@types/jquery": "*"
      }
    },
    "@types/wnumb": {
      "version": "1.2.0",
      "resolved": "https://registry.npmjs.org/@types/wnumb/-/wnumb-1.2.0.tgz",
      "integrity": "sha512-74+3MQqSTrDUtYisxrE8xbrTxmc3pi3G+yr1/TKNrMD7nfXIgUSgYeOu5R7g6Nsn/hl1GxKZ5VW2BuOQg9aLYg==",
      "dev": true
    },
    "bootstrap": {
      "version": "4.5.3",
      "resolved": "https://registry.npmjs.org/bootstrap/-/bootstrap-4.5.3.tgz",
      "integrity": "sha512-o9ppKQioXGqhw8Z7mah6KdTYpNQY//tipnkxppWhPbiSWdD+1raYsnhwEZjkTHYbGee4cVQ0Rx65EhOY/HNLcQ=="
    },
    "bootstrap-datepicker": {
      "version": "1.9.0",
      "resolved": "https://registry.npmjs.org/bootstrap-datepicker/-/bootstrap-datepicker-1.9.0.tgz",
      "integrity": "sha512-9rYYbaVOheGYxjOr/+bJCmRPihfy+LkLSg4fIFMT9Od8WwWB/MB50w0JO1eBgKUMbb7PFHQD5uAfI3ArAxZRXA==",
      "requires": {
        "jquery": ">=1.7.1 <4.0.0"
      }
    },
    "es6-object-assign": {
      "version": "1.1.0",
      "resolved": "https://registry.npmjs.org/es6-object-assign/-/es6-object-assign-1.1.0.tgz",
      "integrity": "sha1-wsNYJlYkfDnqEHyx5mUrb58kUjw=",
      "dev": true
    },
    "icheck": {
      "version": "1.0.2",
      "resolved": "https://registry.npmjs.org/icheck/-/icheck-1.0.2.tgz",
      "integrity": "sha1-BtCNo9R65EjBU7Jjm4bprX/fcSg="
    },
    "jquery": {
      "version": "3.5.1",
      "resolved": "https://registry.npmjs.org/jquery/-/jquery-3.5.1.tgz",
      "integrity": "sha512-XwIBPqcMn57FxfT+Go5pzySnm4KWkT1Tv7gjrpT1srtf8Weynl6R273VJ5GjkRb51IzMp5nbaPjJXMWeju2MKg=="
    },
    "jquery-slimscroll": {
      "version": "1.3.8",
      "resolved": "https://registry.npmjs.org/jquery-slimscroll/-/jquery-slimscroll-1.3.8.tgz",
      "integrity": "sha1-hIHETnpHaHZTkIoo9/cK7WTITjY=",
      "requires": {
        "jquery": ">= 1.7"
      }
    },
    "knockout": {
      "version": "3.5.1",
      "resolved": "https://registry.npmjs.org/knockout/-/knockout-3.5.1.tgz",
      "integrity": "sha512-wRJ9I4az0QcsH7A4v4l0enUpkS++MBx0BnL/68KaLzJg7x1qmbjSlwEoCNol7KTYZ+pmtI7Eh2J0Nu6/2Z5J/Q==",
      "dev": true
    },
    "mathjax": {
      "version": "2.7.9",
      "resolved": "https://registry.npmjs.org/mathjax/-/mathjax-2.7.9.tgz",
      "integrity": "sha512-NOGEDTIM9+MrsqnjPEjVGNx4q0GQxqm61yQwSK+/5S59i26wId5IC5gNu9/bu8+CCVl5p9G2IHcAl/wJa+5+BQ=="
    },
    "metismenu": {
      "version": "3.0.6",
      "resolved": "https://registry.npmjs.org/metismenu/-/metismenu-3.0.6.tgz",
      "integrity": "sha512-aO2XoKWMLNGAw3skRPWcAhZUtootPhEk6Lz5Jamc9RlulhThp4h09AoeXevhg4vVQvwQjl8UenN09Wnr2QeM5w=="
    },
    "pako": {
      "version": "1.0.11",
      "resolved": "https://registry.npmjs.org/pako/-/pako-1.0.11.tgz",
      "integrity": "sha512-4hLB8Py4zZce5s4yd9XzopqwVv/yGNhV1Bl8NTmCq1763HeK2+EwVTv+leGeL13Dnh2wfbqowVPXCIO0z4taYw=="
    },
    "popper.js": {
      "version": "1.16.1",
      "resolved": "https://registry.npmjs.org/popper.js/-/popper.js-1.16.1.tgz",
      "integrity": "sha512-Wb4p1J4zyFTbM+u6WuO4XstYx4Ky9Cewe4DWrel7B0w6VVICvPwdOpotjzcf6eD8TsckVnIMNONQyPIUFOUbCQ=="
    },
    "promise-polyfill": {
      "version": "6.1.0",
      "resolved": "https://registry.npmjs.org/promise-polyfill/-/promise-polyfill-6.1.0.tgz",
      "integrity": "sha1-36lpQ+qcEh/KTem1hoyznTRy4Fc=",
      "dev": true
    },
    "requirejs": {
      "version": "2.3.6",
      "resolved": "https://registry.npmjs.org/requirejs/-/requirejs-2.3.6.tgz",
      "integrity": "sha512-ipEzlWQe6RK3jkzikgCupiTbTvm4S0/CAU5GlgptkN5SO6F3u0UD0K18wy6ErDqiCyP4J4YYe1HuAShvsxePLg=="
    },
    "sweetalert": {
      "version": "2.1.2",
      "resolved": "https://registry.npmjs.org/sweetalert/-/sweetalert-2.1.2.tgz",
      "integrity": "sha512-iWx7X4anRBNDa/a+AdTmvAzQtkN1+s4j/JJRWlHpYE8Qimkohs8/XnFcWeYHH2lMA8LRCa5tj2d244If3S/hzA==",
      "dev": true,
      "requires": {
        "es6-object-assign": "^1.1.0",
        "promise-polyfill": "^6.0.2"
      }
    },
    "toastr": {
      "version": "2.1.4",
      "resolved": "https://registry.npmjs.org/toastr/-/toastr-2.1.4.tgz",
      "integrity": "sha1-i0O+ZPudDEFIcURvLbjoyk6V8YE=",
      "requires": {
        "jquery": ">=1.12.0"
      }
    },
    "typescript": {
      "version": "3.9.7",
      "resolved": "https://registry.npmjs.org/typescript/-/typescript-3.9.7.tgz",
      "integrity": "sha512-BLbiRkiBzAwsjut4x/dsibSTB6yWpwT5qWmC2OfuCg3GgVQCSgMs4vEctYPhsaGtd0AeuuHMkjZ2h2WG8MSzRw==",
      "dev": true
    }
  }
}
